// !$*UTF8*$!
{
	archiveVersion = 1;
	classes = {
	};
	objectVersion = 46;
	objects = {

/* Begin PBXBuildFile section */
		044483BA1F258AAD0074F30F /* AppDelegate.swift in Sources */ = {isa = PBXBuildFile; fileRef = 044483B91F258AAD0074F30F /* AppDelegate.swift */; };
		044483BC1F258AAD0074F30F /* ViewController.swift in Sources */ = {isa = PBXBuildFile; fileRef = 044483BB1F258AAD0074F30F /* ViewController.swift */; };
		044483BF1F258AAD0074F30F /* Main.storyboard in Resources */ = {isa = PBXBuildFile; fileRef = 044483BD1F258AAD0074F30F /* Main.storyboard */; };
		044483C11F258AAD0074F30F /* Assets.xcassets in Resources */ = {isa = PBXBuildFile; fileRef = 044483C01F258AAD0074F30F /* Assets.xcassets */; };
		044483C41F258AAD0074F30F /* LaunchScreen.storyboard in Resources */ = {isa = PBXBuildFile; fileRef = 044483C21F258AAD0074F30F /* LaunchScreen.storyboard */; };
		044483CC1F258B160074F30F /* ItemStore.swift in Sources */ = {isa = PBXBuildFile; fileRef = 044483CB1F258B160074F30F /* ItemStore.swift */; };
		044483D21F258F380074F30F /* Item.swift in Sources */ = {isa = PBXBuildFile; fileRef = 044483D11F258F380074F30F /* Item.swift */; };
		048D13E61F259AE900E2E4B1 /* ItemsViewController.swift in Sources */ = {isa = PBXBuildFile; fileRef = 048D13E51F259AE900E2E4B1 /* ItemsViewController.swift */; };
		048D13EA1F259B1C00E2E4B1 /* DetailViewController.swift in Sources */ = {isa = PBXBuildFile; fileRef = 048D13E91F259B1C00E2E4B1 /* DetailViewController.swift */; };
		048D13EC1F259C8300E2E4B1 /* ItemTableViewCell.swift in Sources */ = {isa = PBXBuildFile; fileRef = 048D13EB1F259C8300E2E4B1 /* ItemTableViewCell.swift */; };
		048D13EE1F25A0D700E2E4B1 /* CustomTextField.swift in Sources */ = {isa = PBXBuildFile; fileRef = 048D13ED1F25A0D700E2E4B1 /* CustomTextField.swift */; };
		048D13F01F25A5AA00E2E4B1 /* ChangeDateViewController.swift in Sources */ = {isa = PBXBuildFile; fileRef = 048D13EF1F25A5AA00E2E4B1 /* ChangeDateViewController.swift */; };
/* End PBXBuildFile section */

/* Begin PBXFileReference section */
		044483B61F258AAD0074F30F /* Chapter13.app */ = {isa = PBXFileReference; explicitFileType = wrapper.application; includeInIndex = 0; path = Chapter13.app; sourceTree = BUILT_PRODUCTS_DIR; };
		044483B91F258AAD0074F30F /* AppDelegate.swift */ = {isa = PBXFileReference; lastKnownFileType = sourcecode.swift; path = AppDelegate.swift; sourceTree = "<group>"; };
		044483BB1F258AAD0074F30F /* ViewController.swift */ = {isa = PBXFileReference; lastKnownFileType = sourcecode.swift; path = ViewController.swift; sourceTree = "<group>"; };
		044483BE1F258AAD0074F30F /* Base */ = {isa = PBXFileReference; lastKnownFileType = file.storyboard; name = Base; path = Base.lproj/Main.storyboard; sourceTree = "<group>"; };
		044483C01F258AAD0074F30F /* Assets.xcassets */ = {isa = PBXFileReference; lastKnownFileType = folder.assetcatalog; path = Assets.xcassets; sourceTree = "<group>"; };
		044483C31F258AAD0074F30F /* Base */ = {isa = PBXFileReference; lastKnownFileType = file.storyboard; name = Base; path = Base.lproj/LaunchScreen.storyboard; sourceTree = "<group>"; };
		044483C51F258AAD0074F30F /* Info.plist */ = {isa = PBXFileReference; lastKnownFileType = text.plist.xml; path = Info.plist; sourceTree = "<group>"; };
		044483CB1F258B160074F30F /* ItemStore.swift */ = {isa = PBXFileReference; fileEncoding = 4; lastKnownFileType = sourcecode.swift; path = ItemStore.swift; sourceTree = "<group>"; };
		044483D11F258F380074F30F /* Item.swift */ = {isa = PBXFileReference; fileEncoding = 4; lastKnownFileType = sourcecode.swift; path = Item.swift; sourceTree = "<group>"; };
		048D13E51F259AE900E2E4B1 /* ItemsViewController.swift */ = {isa = PBXFileReference; fileEncoding = 4; lastKnownFileType = sourcecode.swift; path = ItemsViewController.swift; sourceTree = "<group>"; };
		048D13E91F259B1C00E2E4B1 /* DetailViewController.swift */ = {isa = PBXFileReference; fileEncoding = 4; lastKnownFileType = sourcecode.swift; path = DetailViewController.swift; sourceTree = "<group>"; };
		048D13EB1F259C8300E2E4B1 /* ItemTableViewCell.swift */ = {isa = PBXFileReference; fileEncoding = 4; lastKnownFileType = sourcecode.swift; path = ItemTableViewCell.swift; sourceTree = "<group>"; };
		048D13ED1F25A0D700E2E4B1 /* CustomTextField.swift */ = {isa = PBXFileReference; fileEncoding = 4; lastKnownFileType = sourcecode.swift; path = CustomTextField.swift; sourceTree = "<group>"; };
		048D13EF1F25A5AA00E2E4B1 /* ChangeDateViewController.swift */ = {isa = PBXFileReference; fileEncoding = 4; lastKnownFileType = sourcecode.swift; path = ChangeDateViewController.swift; sourceTree = "<group>"; };
/* End PBXFileReference section */

/* Begin PBXFrameworksBuildPhase section */
		044483B31F258AAD0074F30F /* Frameworks */ = {
			isa = PBXFrameworksBuildPhase;
			buildActionMask = 2147483647;
			files = (
			);
			runOnlyForDeploymentPostprocessing = 0;
		};
/* End PBXFrameworksBuildPhase section */

/* Begin PBXGroup section */
		044483AD1F258AAD0074F30F = {
			isa = PBXGroup;
			children = (
				044483B81F258AAD0074F30F /* Chapter13 */,
				044483B71F258AAD0074F30F /* Products */,
			);
			sourceTree = "<group>";
		};
		044483B71F258AAD0074F30F /* Products */ = {
			isa = PBXGroup;
			children = (
				044483B61F258AAD0074F30F /* Chapter13.app */,
			);
			name = Products;
			sourceTree = "<group>";
		};
		044483B81F258AAD0074F30F /* Chapter13 */ = {
			isa = PBXGroup;
			children = (
				044483B91F258AAD0074F30F /* AppDelegate.swift */,
				044483BB1F258AAD0074F30F /* ViewController.swift */,
				048D13EF1F25A5AA00E2E4B1 /* ChangeDateViewController.swift */,
				048D13E51F259AE900E2E4B1 /* ItemsViewController.swift */,
				048D13E91F259B1C00E2E4B1 /* DetailViewController.swift */,
				048D13EB1F259C8300E2E4B1 /* ItemTableViewCell.swift */,
				048D13ED1F25A0D700E2E4B1 /* CustomTextField.swift */,
				044483D11F258F380074F30F /* Item.swift */,
				044483CB1F258B160074F30F /* ItemStore.swift */,
				044483BD1F258AAD0074F30F /* Main.storyboard */,
				044483C01F258AAD0074F30F /* Assets.xcassets */,
				044483C21F258AAD0074F30F /* LaunchScreen.storyboard */,
				044483C51F258AAD0074F30F /* Info.plist */,
			);
			path = Chapter13;
			sourceTree = "<group>";
		};
/* End PBXGroup section */

/* Begin PBXNativeTarget section */
		044483B51F258AAD0074F30F /* Chapter13 */ = {
			isa = PBXNativeTarget;
			buildConfigurationList = 044483C81F258AAD0074F30F /* Build configuration list for PBXNativeTarget "Chapter13" */;
			buildPhases = (
				044483B21F258AAD0074F30F /* Sources */,
				044483B31F258AAD0074F30F /* Frameworks */,
				044483B41F258AAD0074F30F /* Resources */,
			);
			buildRules = (
			);
			dependencies = (
			);
			name = Chapter13;
			productName = Chapter13;
			productReference = 044483B61F258AAD0074F30F /* Chapter13.app */;
			productType = "com.apple.product-type.application";
		};
/* End PBXNativeTarget section */

/* Begin PBXProject section */
		044483AE1F258AAD0074F30F /* Project object */ = {
			isa = PBXProject;
			attributes = {
				LastSwiftUpdateCheck = 0830;
				LastUpgradeCheck = 0830;
				ORGANIZATIONNAME = boostcamp;
				TargetAttributes = {
					044483B51F258AAD0074F30F = {
						CreatedOnToolsVersion = 8.3.3;
						DevelopmentTeam = NJRMGGTV4H;
						ProvisioningStyle = Automatic;
					};
				};
			};
			buildConfigurationList = 044483B11F258AAD0074F30F /* Build configuration list for PBXProject "Chapter13" */;
			compatibilityVersion = "Xcode 3.2";
			developmentRegion = English;
			hasScannedForEncodings = 0;
			knownRegions = (
				en,
				Base,
			);
			mainGroup = 044483AD1F258AAD0074F30F;
			productRefGroup = 044483B71F258AAD0074F30F /* Products */;
			projectDirPath = "";
			projectRoot = "";
			targets = (
				044483B51F258AAD0074F30F /* Chapter13 */,
			);
		};
/* End PBXProject section */

/* Begin PBXResourcesBuildPhase section */
		044483B41F258AAD0074F30F /* Resources */ = {
			isa = PBXResourcesBuildPhase;
			buildActionMask = 2147483647;
			files = (
				044483C41F258AAD0074F30F /* LaunchScreen.storyboard in Resources */,
				044483C11F258AAD0074F30F /* Assets.xcassets in Resources */,
				044483BF1F258AAD0074F30F /* Main.storyboard in Resources */,
			);
			runOnlyForDeploymentPostprocessing = 0;
		};
/* End PBXResourcesBuildPhase section */

/* Begin PBXSourcesBuildPhase section */
		044483B21F258AAD0074F30F /* Sources */ = {
			isa = PBXSourcesBuildPhase;
			buildActionMask = 2147483647;
			files = (
				048D13F01F25A5AA00E2E4B1 /* ChangeDateViewController.swift in Sources */,
				048D13E61F259AE900E2E4B1 /* ItemsViewController.swift in Sources */,
				044483BC1F258AAD0074F30F /* ViewController.swift in Sources */,
				044483BA1F258AAD0074F30F /* AppDelegate.swift in Sources */,
				048D13EA1F259B1C00E2E4B1 /* DetailViewController.swift in Sources */,
				048D13EE1F25A0D700E2E4B1 /* CustomTextField.swift in Sources */,
				044483D21F258F380074F30F /* Item.swift in Sources */,
				048D13EC1F259C8300E2E4B1 /* ItemTableViewCell.swift in Sources */,
				044483CC1F258B160074F30F /* ItemStore.swift in Sources */,
			);
			runOnlyForDeploymentPostprocessing = 0;
		};
/* End PBXSourcesBuildPhase section */

/* Begin PBXVariantGroup section */
		044483BD1F258AAD0074F30F /* Main.storyboard */ = {
			isa = PBXVariantGroup;
			children = (
				044483BE1F258AAD0074F30F /* Base */,
			);
			name = Main.storyboard;
			sourceTree = "<group>";
		};
		044483C21F258AAD0074F30F /* LaunchScreen.storyboard */ = {
			isa = PBXVariantGroup;
			children = (
				044483C31F258AAD0074F30F /* Base */,
			);
			name = LaunchScreen.storyboard;
			sourceTree = "<group>";
		};
/* End PBXVariantGroup section */

/* Begin XCBuildConfiguration section */
		044483C61F258AAD0074F30F /* Debug */ = {
			isa = XCBuildConfiguration;
			buildSettings = {
				ALWAYS_SEARCH_USER_PATHS = NO;
				CLANG_ANALYZER_NONNULL = YES;
				CLANG_ANALYZER_NUMBER_OBJECT_CONVERSION = YES_AGGRESSIVE;
				CLANG_CXX_LANGUAGE_STANDARD = "gnu++0x";
				CLANG_CXX_LIBRARY = "libc++";
				CLANG_ENABLE_MODULES = YES;
				CLANG_ENABLE_OBJC_ARC = YES;
				CLANG_WARN_BOOL_CONVERSION = YES;
				CLANG_WARN_CONSTANT_CONVERSION = YES;
				CLANG_WARN_DIRECT_OBJC_ISA_USAGE = YES_ERROR;
				CLANG_WARN_DOCUMENTATION_COMMENTS = YES;
				CLANG_WARN_EMPTY_BODY = YES;
				CLANG_WARN_ENUM_CONVERSION = YES;
				CLANG_WARN_INFINITE_RECURSION = YES;
				CLANG_WARN_INT_CONVERSION = YES;
				CLANG_WARN_OBJC_ROOT_CLASS = YES_ERROR;
				CLANG_WARN_SUSPICIOUS_MOVE = YES;
				CLANG_WARN_UNREACHABLE_CODE = YES;
				CLANG_WARN__DUPLICATE_METHOD_MATCH = YES;
				"CODE_SIGN_IDENTITY[sdk=iphoneos*]" = "iPhone Developer";
				COPY_PHASE_STRIP = NO;
				DEBUG_INFORMATION_FORMAT = dwarf;
				ENABLE_STRICT_OBJC_MSGSEND = YES;
				ENABLE_TESTABILITY = YES;
				GCC_C_LANGUAGE_STANDARD = gnu99;
				GCC_DYNAMIC_NO_PIC = NO;
				GCC_NO_COMMON_BLOCKS = YES;
				GCC_OPTIMIZATION_LEVEL = 0;
				GCC_PREPROCESSOR_DEFINITIONS = (
					"DEBUG=1",
					"$(inherited)",
				);
				GCC_WARN_64_TO_32_BIT_CONVERSION = YES;
				GCC_WARN_ABOUT_RETURN_TYPE = YES_ERROR;
				GCC_WARN_UNDECLARED_SELECTOR = YES;
				GCC_WARN_UNINITIALIZED_AUTOS = YES_AGGRESSIVE;
				GCC_WARN_UNUSED_FUNCTION = YES;
				GCC_WARN_UNUSED_VARIABLE = YES;
				IPHONEOS_DEPLOYMENT_TARGET = 10.3;
				MTL_ENABLE_DEBUG_INFO = YES;
				ONLY_ACTIVE_ARCH = YES;
				SDKROOT = iphoneos;
				SWIFT_ACTIVE_COMPILATION_CONDITIONS = DEBUG;
				SWIFT_OPTIMIZATION_LEVEL = "-Onone";
				TARGETED_DEVICE_FAMILY = "1,2";
			};
			name = Debug;
		};
		044483C71F258AAD0074F30F /* Release */ = {
			isa = XCBuildConfiguration;
			buildSettings = {
				ALWAYS_SEARCH_USER_PATHS = NO;
				CLANG_ANALYZER_NONNULL = YES;
				CLANG_ANALYZER_NUMBER_OBJECT_CONVERSION = YES_AGGRESSIVE;
				CLANG_CXX_LANGUAGE_STANDARD = "gnu++0x";
				CLANG_CXX_LIBRARY = "libc++";
				CLANG_ENABLE_MODULES = YES;
				CLANG_ENABLE_OBJC_ARC = YES;
				CLANG_WARN_BOOL_CONVERSION = YES;
				CLANG_WARN_CONSTANT_CONVERSION = YES;
				CLANG_WARN_DIRECT_OBJC_ISA_USAGE = YES_ERROR;
				CLANG_WARN_DOCUMENTATION_COMMENTS = YES;
				CLANG_WARN_EMPTY_BODY = YES;
				CLANG_WARN_ENUM_CONVERSION = YES;
				CLANG_WARN_INFINITE_RECURSION = YES;
				CLANG_WARN_INT_CONVERSION = YES;
				CLANG_WARN_OBJC_ROOT_CLASS = YES_ERROR;
				CLANG_WARN_SUSPICIOUS_MOVE = YES;
				CLANG_WARN_UNREACHABLE_CODE = YES;
				CLANG_WARN__DUPLICATE_METHOD_MATCH = YES;
				"CODE_SIGN_IDENTITY[sdk=iphoneos*]" = "iPhone Developer";
				COPY_PHASE_STRIP = NO;
				DEBUG_INFORMATION_FORMAT = "dwarf-with-dsym";
				ENABLE_NS_ASSERTIONS = NO;
				ENABLE_STRICT_OBJC_MSGSEND = YES;
				GCC_C_LANGUAGE_STANDARD = gnu99;
				GCC_NO_COMMON_BLOCKS = YES;
				GCC_WARN_64_TO_32_BIT_CONVERSION = YES;
				GCC_WARN_ABOUT_RETURN_TYPE = YES_ERROR;
				GCC_WARN_UNDECLARED_SELECTOR = YES;
				GCC_WARN_UNINITIALIZED_AUTOS = YES_AGGRESSIVE;
				GCC_WARN_UNUSED_FUNCTION = YES;
				GCC_WARN_UNUSED_VARIABLE = YES;
				IPHONEOS_DEPLOYMENT_TARGET = 10.3;
				MTL_ENABLE_DEBUG_INFO = NO;
				SDKROOT = iphoneos;
				SWIFT_OPTIMIZATION_LEVEL = "-Owholemodule";
				TARGETED_DEVICE_FAMILY = "1,2";
				VALIDATE_PRODUCT = YES;
			};
			name = Release;
		};
		044483C91F258AAD0074F30F /* Debug */ = {
			isa = XCBuildConfiguration;
			buildSettings = {
				ASSETCATALOG_COMPILER_APPICON_NAME = AppIcon;
				DEVELOPMENT_TEAM = NJRMGGTV4H;
				INFOPLIST_FILE = Chapter13/Info.plist;
				LD_RUNPATH_SEARCH_PATHS = "$(inherited) @executable_path/Frameworks";
				PRODUCT_BUNDLE_IDENTIFIER = kr.or.connect.boostcamp.Chapter13;
				PRODUCT_NAME = "$(TARGET_NAME)";
				SWIFT_VERSION = 3.0;
			};
			name = Debug;
		};
		044483CA1F258AAD0074F30F /* Release */ = {
			isa = XCBuildConfiguration;
			buildSettings = {
				ASSETCATALOG_COMPILER_APPICON_NAME = AppIcon;
				DEVELOPMENT_TEAM = NJRMGGTV4H;
				INFOPLIST_FILE = Chapter13/Info.plist;
				LD_RUNPATH_SEARCH_PATHS = "$(inherited) @executable_path/Frameworks";
				PRODUCT_BUNDLE_IDENTIFIER = kr.or.connect.boostcamp.Chapter13;
				PRODUCT_NAME = "$(TARGET_NAME)";
				SWIFT_VERSION = 3.0;
			};
			name = Release;
		};
/* End XCBuildConfiguration section */

/* Begin XCConfigurationList section */
		044483B11F258AAD0074F30F /* Build configuration list for PBXProject "Chapter13" */ = {
			isa = XCConfigurationList;
			buildConfigurations = (
				044483C61F258AAD0074F30F /* Debug */,
				044483C71F258AAD0074F30F /* Release */,
			);
			defaultConfigurationIsVisible = 0;
			defaultConfigurationName = Release;
		};
		044483C81F258AAD0074F30F /* Build configuration list for PBXNativeTarget "Chapter13" */ = {
			isa = XCConfigurationList;
			buildConfigurations = (
				044483C91F258AAD0074F30F /* Debug */,
				044483CA1F258AAD0074F30F /* Release */,
			);
			defaultConfigurationIsVisible = 0;
			defaultConfigurationName = Release;
		};
/* End XCConfigurationList section */
	};
	rootObject = 044483AE1F258AAD0074F30F /* Project object */;
}
