// !$*UTF8*$!
{
	archiveVersion = 1;
	classes = {
	};
	objectVersion = 46;
	objects = {

/* Begin PBXBuildFile section */
		043494F11F264C0800510304 /* Line.swift in Sources */ = {isa = PBXBuildFile; fileRef = 043494F01F264C0800510304 /* Line.swift */; };
		048D13FE1F25A9D800E2E4B1 /* AppDelegate.swift in Sources */ = {isa = PBXBuildFile; fileRef = 048D13FD1F25A9D800E2E4B1 /* AppDelegate.swift */; };
		048D14001F25A9D800E2E4B1 /* ViewController.swift in Sources */ = {isa = PBXBuildFile; fileRef = 048D13FF1F25A9D800E2E4B1 /* ViewController.swift */; };
		048D14031F25A9D800E2E4B1 /* Main.storyboard in Resources */ = {isa = PBXBuildFile; fileRef = 048D14011F25A9D800E2E4B1 /* Main.storyboard */; };
		048D14051F25A9D800E2E4B1 /* Assets.xcassets in Resources */ = {isa = PBXBuildFile; fileRef = 048D14041F25A9D800E2E4B1 /* Assets.xcassets */; };
		048D14081F25A9D800E2E4B1 /* LaunchScreen.storyboard in Resources */ = {isa = PBXBuildFile; fileRef = 048D14061F25A9D800E2E4B1 /* LaunchScreen.storyboard */; };
		048D14121F25AB1100E2E4B1 /* DrawView.swift in Sources */ = {isa = PBXBuildFile; fileRef = 048D14111F25AB1100E2E4B1 /* DrawView.swift */; };
		048D14141F25B95300E2E4B1 /* Circle.swift in Sources */ = {isa = PBXBuildFile; fileRef = 048D14131F25B95300E2E4B1 /* Circle.swift */; };
		048D14161F25B9AF00E2E4B1 /* Strokable.swift in Sources */ = {isa = PBXBuildFile; fileRef = 048D14151F25B9AF00E2E4B1 /* Strokable.swift */; };
		04DEB1E61F25F51800B2508E /* StrokableFactory.swift in Sources */ = {isa = PBXBuildFile; fileRef = 04DEB1E51F25F51800B2508E /* StrokableFactory.swift */; };
/* End PBXBuildFile section */

/* Begin PBXFileReference section */
		043494F01F264C0800510304 /* Line.swift */ = {isa = PBXFileReference; fileEncoding = 4; lastKnownFileType = sourcecode.swift; path = Line.swift; sourceTree = "<group>"; };
		048D13FA1F25A9D800E2E4B1 /* Chapter17.app */ = {isa = PBXFileReference; explicitFileType = wrapper.application; includeInIndex = 0; path = Chapter17.app; sourceTree = BUILT_PRODUCTS_DIR; };
		048D13FD1F25A9D800E2E4B1 /* AppDelegate.swift */ = {isa = PBXFileReference; lastKnownFileType = sourcecode.swift; path = AppDelegate.swift; sourceTree = "<group>"; };
		048D13FF1F25A9D800E2E4B1 /* ViewController.swift */ = {isa = PBXFileReference; lastKnownFileType = sourcecode.swift; path = ViewController.swift; sourceTree = "<group>"; };
		048D14021F25A9D800E2E4B1 /* Base */ = {isa = PBXFileReference; lastKnownFileType = file.storyboard; name = Base; path = Base.lproj/Main.storyboard; sourceTree = "<group>"; };
		048D14041F25A9D800E2E4B1 /* Assets.xcassets */ = {isa = PBXFileReference; lastKnownFileType = folder.assetcatalog; path = Assets.xcassets; sourceTree = "<group>"; };
		048D14071F25A9D800E2E4B1 /* Base */ = {isa = PBXFileReference; lastKnownFileType = file.storyboard; name = Base; path = Base.lproj/LaunchScreen.storyboard; sourceTree = "<group>"; };
		048D14091F25A9D800E2E4B1 /* Info.plist */ = {isa = PBXFileReference; lastKnownFileType = text.plist.xml; path = Info.plist; sourceTree = "<group>"; };
		048D14111F25AB1100E2E4B1 /* DrawView.swift */ = {isa = PBXFileReference; fileEncoding = 4; lastKnownFileType = sourcecode.swift; path = DrawView.swift; sourceTree = "<group>"; };
		048D14131F25B95300E2E4B1 /* Circle.swift */ = {isa = PBXFileReference; fileEncoding = 4; lastKnownFileType = sourcecode.swift; path = Circle.swift; sourceTree = "<group>"; };
		048D14151F25B9AF00E2E4B1 /* Strokable.swift */ = {isa = PBXFileReference; fileEncoding = 4; lastKnownFileType = sourcecode.swift; path = Strokable.swift; sourceTree = "<group>"; };
		04DEB1E51F25F51800B2508E /* StrokableFactory.swift */ = {isa = PBXFileReference; fileEncoding = 4; lastKnownFileType = sourcecode.swift; path = StrokableFactory.swift; sourceTree = "<group>"; };
/* End PBXFileReference section */

/* Begin PBXFrameworksBuildPhase section */
		048D13F71F25A9D800E2E4B1 /* Frameworks */ = {
			isa = PBXFrameworksBuildPhase;
			buildActionMask = 2147483647;
			files = (
			);
			runOnlyForDeploymentPostprocessing = 0;
		};
/* End PBXFrameworksBuildPhase section */

/* Begin PBXGroup section */
		048D13F11F25A9D800E2E4B1 = {
			isa = PBXGroup;
			children = (
				048D13FC1F25A9D800E2E4B1 /* Chapter17 */,
				048D13FB1F25A9D800E2E4B1 /* Products */,
			);
			sourceTree = "<group>";
		};
		048D13FB1F25A9D800E2E4B1 /* Products */ = {
			isa = PBXGroup;
			children = (
				048D13FA1F25A9D800E2E4B1 /* Chapter17.app */,
			);
			name = Products;
			sourceTree = "<group>";
		};
		048D13FC1F25A9D800E2E4B1 /* Chapter17 */ = {
			isa = PBXGroup;
			children = (
				048D13FD1F25A9D800E2E4B1 /* AppDelegate.swift */,
				048D13FF1F25A9D800E2E4B1 /* ViewController.swift */,
				048D14151F25B9AF00E2E4B1 /* Strokable.swift */,
				04DEB1E51F25F51800B2508E /* StrokableFactory.swift */,
				043494F01F264C0800510304 /* Line.swift */,
				048D14131F25B95300E2E4B1 /* Circle.swift */,
				048D14111F25AB1100E2E4B1 /* DrawView.swift */,
				048D14011F25A9D800E2E4B1 /* Main.storyboard */,
				048D14041F25A9D800E2E4B1 /* Assets.xcassets */,
				048D14061F25A9D800E2E4B1 /* LaunchScreen.storyboard */,
				048D14091F25A9D800E2E4B1 /* Info.plist */,
			);
			path = Chapter17;
			sourceTree = "<group>";
		};
/* End PBXGroup section */

/* Begin PBXNativeTarget section */
		048D13F91F25A9D800E2E4B1 /* Chapter17 */ = {
			isa = PBXNativeTarget;
			buildConfigurationList = 048D140C1F25A9D800E2E4B1 /* Build configuration list for PBXNativeTarget "Chapter17" */;
			buildPhases = (
				048D13F61F25A9D800E2E4B1 /* Sources */,
				048D13F71F25A9D800E2E4B1 /* Frameworks */,
				048D13F81F25A9D800E2E4B1 /* Resources */,
			);
			buildRules = (
			);
			dependencies = (
			);
			name = Chapter17;
			productName = Chapter17;
			productReference = 048D13FA1F25A9D800E2E4B1 /* Chapter17.app */;
			productType = "com.apple.product-type.application";
		};
/* End PBXNativeTarget section */

/* Begin PBXProject section */
		048D13F21F25A9D800E2E4B1 /* Project object */ = {
			isa = PBXProject;
			attributes = {
				LastSwiftUpdateCheck = 0830;
				LastUpgradeCheck = 0830;
				ORGANIZATIONNAME = boostcamp;
				TargetAttributes = {
					048D13F91F25A9D800E2E4B1 = {
						CreatedOnToolsVersion = 8.3.3;
						DevelopmentTeam = NJRMGGTV4H;
						ProvisioningStyle = Automatic;
					};
				};
			};
			buildConfigurationList = 048D13F51F25A9D800E2E4B1 /* Build configuration list for PBXProject "Chapter17" */;
			compatibilityVersion = "Xcode 3.2";
			developmentRegion = English;
			hasScannedForEncodings = 0;
			knownRegions = (
				en,
				Base,
			);
			mainGroup = 048D13F11F25A9D800E2E4B1;
			productRefGroup = 048D13FB1F25A9D800E2E4B1 /* Products */;
			projectDirPath = "";
			projectRoot = "";
			targets = (
				048D13F91F25A9D800E2E4B1 /* Chapter17 */,
			);
		};
/* End PBXProject section */

/* Begin PBXResourcesBuildPhase section */
		048D13F81F25A9D800E2E4B1 /* Resources */ = {
			isa = PBXResourcesBuildPhase;
			buildActionMask = 2147483647;
			files = (
				048D14081F25A9D800E2E4B1 /* LaunchScreen.storyboard in Resources */,
				048D14051F25A9D800E2E4B1 /* Assets.xcassets in Resources */,
				048D14031F25A9D800E2E4B1 /* Main.storyboard in Resources */,
			);
			runOnlyForDeploymentPostprocessing = 0;
		};
/* End PBXResourcesBuildPhase section */

/* Begin PBXSourcesBuildPhase section */
		048D13F61F25A9D800E2E4B1 /* Sources */ = {
			isa = PBXSourcesBuildPhase;
			buildActionMask = 2147483647;
			files = (
				048D14141F25B95300E2E4B1 /* Circle.swift in Sources */,
				048D14001F25A9D800E2E4B1 /* ViewController.swift in Sources */,
				048D14121F25AB1100E2E4B1 /* DrawView.swift in Sources */,
				04DEB1E61F25F51800B2508E /* StrokableFactory.swift in Sources */,
				043494F11F264C0800510304 /* Line.swift in Sources */,
				048D13FE1F25A9D800E2E4B1 /* AppDelegate.swift in Sources */,
				048D14161F25B9AF00E2E4B1 /* Strokable.swift in Sources */,
			);
			runOnlyForDeploymentPostprocessing = 0;
		};
/* End PBXSourcesBuildPhase section */

/* Begin PBXVariantGroup section */
		048D14011F25A9D800E2E4B1 /* Main.storyboard */ = {
			isa = PBXVariantGroup;
			children = (
				048D14021F25A9D800E2E4B1 /* Base */,
			);
			name = Main.storyboard;
			sourceTree = "<group>";
		};
		048D14061F25A9D800E2E4B1 /* LaunchScreen.storyboard */ = {
			isa = PBXVariantGroup;
			children = (
				048D14071F25A9D800E2E4B1 /* Base */,
			);
			name = LaunchScreen.storyboard;
			sourceTree = "<group>";
		};
/* End PBXVariantGroup section */

/* Begin XCBuildConfiguration section */
		048D140A1F25A9D800E2E4B1 /* Debug */ = {
			isa = XCBuildConfiguration;
			buildSettings = {
				ALWAYS_SEARCH_USER_PATHS = NO;
				CLANG_ANALYZER_NONNULL = YES;
				CLANG_ANALYZER_NUMBER_OBJECT_CONVERSION = YES_AGGRESSIVE;
				CLANG_CXX_LANGUAGE_STANDARD = "gnu++0x";
				CLANG_CXX_LIBRARY = "libc++";
				CLANG_ENABLE_MODULES = YES;
				CLANG_ENABLE_OBJC_ARC = YES;
				CLANG_WARN_BOOL_CONVERSION = YES;
				CLANG_WARN_CONSTANT_CONVERSION = YES;
				CLANG_WARN_DIRECT_OBJC_ISA_USAGE = YES_ERROR;
				CLANG_WARN_DOCUMENTATION_COMMENTS = YES;
				CLANG_WARN_EMPTY_BODY = YES;
				CLANG_WARN_ENUM_CONVERSION = YES;
				CLANG_WARN_INFINITE_RECURSION = YES;
				CLANG_WARN_INT_CONVERSION = YES;
				CLANG_WARN_OBJC_ROOT_CLASS = YES_ERROR;
				CLANG_WARN_SUSPICIOUS_MOVE = YES;
				CLANG_WARN_UNREACHABLE_CODE = YES;
				CLANG_WARN__DUPLICATE_METHOD_MATCH = YES;
				"CODE_SIGN_IDENTITY[sdk=iphoneos*]" = "iPhone Developer";
				COPY_PHASE_STRIP = NO;
				DEBUG_INFORMATION_FORMAT = dwarf;
				ENABLE_STRICT_OBJC_MSGSEND = YES;
				ENABLE_TESTABILITY = YES;
				GCC_C_LANGUAGE_STANDARD = gnu99;
				GCC_DYNAMIC_NO_PIC = NO;
				GCC_NO_COMMON_BLOCKS = YES;
				GCC_OPTIMIZATION_LEVEL = 0;
				GCC_PREPROCESSOR_DEFINITIONS = (
					"DEBUG=1",
					"$(inherited)",
				);
				GCC_WARN_64_TO_32_BIT_CONVERSION = YES;
				GCC_WARN_ABOUT_RETURN_TYPE = YES_ERROR;
				GCC_WARN_UNDECLARED_SELECTOR = YES;
				GCC_WARN_UNINITIALIZED_AUTOS = YES_AGGRESSIVE;
				GCC_WARN_UNUSED_FUNCTION = YES;
				GCC_WARN_UNUSED_VARIABLE = YES;
				IPHONEOS_DEPLOYMENT_TARGET = 10.3;
				MTL_ENABLE_DEBUG_INFO = YES;
				ONLY_ACTIVE_ARCH = YES;
				SDKROOT = iphoneos;
				SWIFT_ACTIVE_COMPILATION_CONDITIONS = DEBUG;
				SWIFT_OPTIMIZATION_LEVEL = "-Onone";
				TARGETED_DEVICE_FAMILY = "1,2";
			};
			name = Debug;
		};
		048D140B1F25A9D800E2E4B1 /* Release */ = {
			isa = XCBuildConfiguration;
			buildSettings = {
				ALWAYS_SEARCH_USER_PATHS = NO;
				CLANG_ANALYZER_NONNULL = YES;
				CLANG_ANALYZER_NUMBER_OBJECT_CONVERSION = YES_AGGRESSIVE;
				CLANG_CXX_LANGUAGE_STANDARD = "gnu++0x";
				CLANG_CXX_LIBRARY = "libc++";
				CLANG_ENABLE_MODULES = YES;
				CLANG_ENABLE_OBJC_ARC = YES;
				CLANG_WARN_BOOL_CONVERSION = YES;
				CLANG_WARN_CONSTANT_CONVERSION = YES;
				CLANG_WARN_DIRECT_OBJC_ISA_USAGE = YES_ERROR;
				CLANG_WARN_DOCUMENTATION_COMMENTS = YES;
				CLANG_WARN_EMPTY_BODY = YES;
				CLANG_WARN_ENUM_CONVERSION = YES;
				CLANG_WARN_INFINITE_RECURSION = YES;
				CLANG_WARN_INT_CONVERSION = YES;
				CLANG_WARN_OBJC_ROOT_CLASS = YES_ERROR;
				CLANG_WARN_SUSPICIOUS_MOVE = YES;
				CLANG_WARN_UNREACHABLE_CODE = YES;
				CLANG_WARN__DUPLICATE_METHOD_MATCH = YES;
				"CODE_SIGN_IDENTITY[sdk=iphoneos*]" = "iPhone Developer";
				COPY_PHASE_STRIP = NO;
				DEBUG_INFORMATION_FORMAT = "dwarf-with-dsym";
				ENABLE_NS_ASSERTIONS = NO;
				ENABLE_STRICT_OBJC_MSGSEND = YES;
				GCC_C_LANGUAGE_STANDARD = gnu99;
				GCC_NO_COMMON_BLOCKS = YES;
				GCC_WARN_64_TO_32_BIT_CONVERSION = YES;
				GCC_WARN_ABOUT_RETURN_TYPE = YES_ERROR;
				GCC_WARN_UNDECLARED_SELECTOR = YES;
				GCC_WARN_UNINITIALIZED_AUTOS = YES_AGGRESSIVE;
				GCC_WARN_UNUSED_FUNCTION = YES;
				GCC_WARN_UNUSED_VARIABLE = YES;
				IPHONEOS_DEPLOYMENT_TARGET = 10.3;
				MTL_ENABLE_DEBUG_INFO = NO;
				SDKROOT = iphoneos;
				SWIFT_OPTIMIZATION_LEVEL = "-Owholemodule";
				TARGETED_DEVICE_FAMILY = "1,2";
				VALIDATE_PRODUCT = YES;
			};
			name = Release;
		};
		048D140D1F25A9D800E2E4B1 /* Debug */ = {
			isa = XCBuildConfiguration;
			buildSettings = {
				ASSETCATALOG_COMPILER_APPICON_NAME = AppIcon;
				DEVELOPMENT_TEAM = NJRMGGTV4H;
				INFOPLIST_FILE = Chapter17/Info.plist;
				LD_RUNPATH_SEARCH_PATHS = "$(inherited) @executable_path/Frameworks";
				PRODUCT_BUNDLE_IDENTIFIER = kr.or.connect.boostcamp.Chapter17;
				PRODUCT_NAME = "$(TARGET_NAME)";
				SWIFT_VERSION = 3.0;
			};
			name = Debug;
		};
		048D140E1F25A9D800E2E4B1 /* Release */ = {
			isa = XCBuildConfiguration;
			buildSettings = {
				ASSETCATALOG_COMPILER_APPICON_NAME = AppIcon;
				DEVELOPMENT_TEAM = NJRMGGTV4H;
				INFOPLIST_FILE = Chapter17/Info.plist;
				LD_RUNPATH_SEARCH_PATHS = "$(inherited) @executable_path/Frameworks";
				PRODUCT_BUNDLE_IDENTIFIER = kr.or.connect.boostcamp.Chapter17;
				PRODUCT_NAME = "$(TARGET_NAME)";
				SWIFT_VERSION = 3.0;
			};
			name = Release;
		};
/* End XCBuildConfiguration section */

/* Begin XCConfigurationList section */
		048D13F51F25A9D800E2E4B1 /* Build configuration list for PBXProject "Chapter17" */ = {
			isa = XCConfigurationList;
			buildConfigurations = (
				048D140A1F25A9D800E2E4B1 /* Debug */,
				048D140B1F25A9D800E2E4B1 /* Release */,
			);
			defaultConfigurationIsVisible = 0;
			defaultConfigurationName = Release;
		};
		048D140C1F25A9D800E2E4B1 /* Build configuration list for PBXNativeTarget "Chapter17" */ = {
			isa = XCConfigurationList;
			buildConfigurations = (
				048D140D1F25A9D800E2E4B1 /* Debug */,
				048D140E1F25A9D800E2E4B1 /* Release */,
			);
			defaultConfigurationIsVisible = 0;
			defaultConfigurationName = Release;
		};
/* End XCConfigurationList section */
	};
	rootObject = 048D13F21F25A9D800E2E4B1 /* Project object */;
}
