// !$*UTF8*$!
{
	archiveVersion = 1;
	classes = {
	};
	objectVersion = 46;
	objects = {

/* Begin PBXBuildFile section */
		042244B11F14D87F000F8A42 /* AppDelegate.swift in Sources */ = {isa = PBXBuildFile; fileRef = 042244B01F14D87F000F8A42 /* AppDelegate.swift */; };
		042244B31F14D87F000F8A42 /* ViewController.swift in Sources */ = {isa = PBXBuildFile; fileRef = 042244B21F14D87F000F8A42 /* ViewController.swift */; };
		042244B61F14D87F000F8A42 /* Main.storyboard in Resources */ = {isa = PBXBuildFile; fileRef = 042244B41F14D87F000F8A42 /* Main.storyboard */; };
		042244B81F14D87F000F8A42 /* Assets.xcassets in Resources */ = {isa = PBXBuildFile; fileRef = 042244B71F14D87F000F8A42 /* Assets.xcassets */; };
		042244BB1F14D87F000F8A42 /* LaunchScreen.storyboard in Resources */ = {isa = PBXBuildFile; fileRef = 042244B91F14D87F000F8A42 /* LaunchScreen.storyboard */; };
		04DCA71C1F160EC5008C62C6 /* CalculatorUITests.swift in Sources */ = {isa = PBXBuildFile; fileRef = 04DCA71B1F160EC5008C62C6 /* CalculatorUITests.swift */; };
/* End PBXBuildFile section */

/* Begin PBXContainerItemProxy section */
		04DCA71E1F160EC5008C62C6 /* PBXContainerItemProxy */ = {
			isa = PBXContainerItemProxy;
			containerPortal = 042244A51F14D87F000F8A42 /* Project object */;
			proxyType = 1;
			remoteGlobalIDString = 042244AC1F14D87F000F8A42;
			remoteInfo = Calculator;
		};
/* End PBXContainerItemProxy section */

/* Begin PBXFileReference section */
		042244AD1F14D87F000F8A42 /* Calculator.app */ = {isa = PBXFileReference; explicitFileType = wrapper.application; includeInIndex = 0; path = Calculator.app; sourceTree = BUILT_PRODUCTS_DIR; };
		042244B01F14D87F000F8A42 /* AppDelegate.swift */ = {isa = PBXFileReference; lastKnownFileType = sourcecode.swift; path = AppDelegate.swift; sourceTree = "<group>"; };
		042244B21F14D87F000F8A42 /* ViewController.swift */ = {isa = PBXFileReference; lastKnownFileType = sourcecode.swift; path = ViewController.swift; sourceTree = "<group>"; };
		042244B51F14D87F000F8A42 /* Base */ = {isa = PBXFileReference; lastKnownFileType = file.storyboard; name = Base; path = Base.lproj/Main.storyboard; sourceTree = "<group>"; };
		042244B71F14D87F000F8A42 /* Assets.xcassets */ = {isa = PBXFileReference; lastKnownFileType = folder.assetcatalog; path = Assets.xcassets; sourceTree = "<group>"; };
		042244BA1F14D87F000F8A42 /* Base */ = {isa = PBXFileReference; lastKnownFileType = file.storyboard; name = Base; path = Base.lproj/LaunchScreen.storyboard; sourceTree = "<group>"; };
		042244BC1F14D87F000F8A42 /* Info.plist */ = {isa = PBXFileReference; lastKnownFileType = text.plist.xml; path = Info.plist; sourceTree = "<group>"; };
		04DCA7191F160EC5008C62C6 /* CalculatorUITests.xctest */ = {isa = PBXFileReference; explicitFileType = wrapper.cfbundle; includeInIndex = 0; path = CalculatorUITests.xctest; sourceTree = BUILT_PRODUCTS_DIR; };
		04DCA71B1F160EC5008C62C6 /* CalculatorUITests.swift */ = {isa = PBXFileReference; lastKnownFileType = sourcecode.swift; path = CalculatorUITests.swift; sourceTree = "<group>"; };
		04DCA71D1F160EC5008C62C6 /* Info.plist */ = {isa = PBXFileReference; lastKnownFileType = text.plist.xml; path = Info.plist; sourceTree = "<group>"; };
/* End PBXFileReference section */

/* Begin PBXFrameworksBuildPhase section */
		042244AA1F14D87F000F8A42 /* Frameworks */ = {
			isa = PBXFrameworksBuildPhase;
			buildActionMask = 2147483647;
			files = (
			);
			runOnlyForDeploymentPostprocessing = 0;
		};
		04DCA7161F160EC5008C62C6 /* Frameworks */ = {
			isa = PBXFrameworksBuildPhase;
			buildActionMask = 2147483647;
			files = (
			);
			runOnlyForDeploymentPostprocessing = 0;
		};
/* End PBXFrameworksBuildPhase section */

/* Begin PBXGroup section */
		042244A41F14D87F000F8A42 = {
			isa = PBXGroup;
			children = (
				042244AF1F14D87F000F8A42 /* Calculator */,
				04DCA71A1F160EC5008C62C6 /* CalculatorUITests */,
				042244AE1F14D87F000F8A42 /* Products */,
			);
			sourceTree = "<group>";
		};
		042244AE1F14D87F000F8A42 /* Products */ = {
			isa = PBXGroup;
			children = (
				042244AD1F14D87F000F8A42 /* Calculator.app */,
				04DCA7191F160EC5008C62C6 /* CalculatorUITests.xctest */,
			);
			name = Products;
			sourceTree = "<group>";
		};
		042244AF1F14D87F000F8A42 /* Calculator */ = {
			isa = PBXGroup;
			children = (
				042244B01F14D87F000F8A42 /* AppDelegate.swift */,
				042244B21F14D87F000F8A42 /* ViewController.swift */,
				042244B41F14D87F000F8A42 /* Main.storyboard */,
				042244B71F14D87F000F8A42 /* Assets.xcassets */,
				042244B91F14D87F000F8A42 /* LaunchScreen.storyboard */,
				042244BC1F14D87F000F8A42 /* Info.plist */,
			);
			path = Calculator;
			sourceTree = "<group>";
		};
		04DCA71A1F160EC5008C62C6 /* CalculatorUITests */ = {
			isa = PBXGroup;
			children = (
				04DCA71B1F160EC5008C62C6 /* CalculatorUITests.swift */,
				04DCA71D1F160EC5008C62C6 /* Info.plist */,
			);
			path = CalculatorUITests;
			sourceTree = "<group>";
		};
/* End PBXGroup section */

/* Begin PBXNativeTarget section */
		042244AC1F14D87F000F8A42 /* Calculator */ = {
			isa = PBXNativeTarget;
			buildConfigurationList = 042244BF1F14D87F000F8A42 /* Build configuration list for PBXNativeTarget "Calculator" */;
			buildPhases = (
				042244A91F14D87F000F8A42 /* Sources */,
				042244AA1F14D87F000F8A42 /* Frameworks */,
				042244AB1F14D87F000F8A42 /* Resources */,
			);
			buildRules = (
			);
			dependencies = (
			);
			name = Calculator;
			productName = Calculator;
			productReference = 042244AD1F14D87F000F8A42 /* Calculator.app */;
			productType = "com.apple.product-type.application";
		};
		04DCA7181F160EC5008C62C6 /* CalculatorUITests */ = {
			isa = PBXNativeTarget;
			buildConfigurationList = 04DCA7221F160EC5008C62C6 /* Build configuration list for PBXNativeTarget "CalculatorUITests" */;
			buildPhases = (
				04DCA7151F160EC5008C62C6 /* Sources */,
				04DCA7161F160EC5008C62C6 /* Frameworks */,
				04DCA7171F160EC5008C62C6 /* Resources */,
			);
			buildRules = (
			);
			dependencies = (
				04DCA71F1F160EC5008C62C6 /* PBXTargetDependency */,
			);
			name = CalculatorUITests;
			productName = CalculatorUITests;
			productReference = 04DCA7191F160EC5008C62C6 /* CalculatorUITests.xctest */;
			productType = "com.apple.product-type.bundle.ui-testing";
		};
/* End PBXNativeTarget section */

/* Begin PBXProject section */
		042244A51F14D87F000F8A42 /* Project object */ = {
			isa = PBXProject;
			attributes = {
				LastSwiftUpdateCheck = 0830;
				LastUpgradeCheck = 0830;
				ORGANIZATIONNAME = boostcamp;
				TargetAttributes = {
					042244AC1F14D87F000F8A42 = {
						CreatedOnToolsVersion = 8.3.3;
						DevelopmentTeam = NJRMGGTV4H;
						ProvisioningStyle = Automatic;
					};
					04DCA7181F160EC5008C62C6 = {
						CreatedOnToolsVersion = 8.3.3;
						DevelopmentTeam = NJRMGGTV4H;
						ProvisioningStyle = Automatic;
						TestTargetID = 042244AC1F14D87F000F8A42;
					};
				};
			};
			buildConfigurationList = 042244A81F14D87F000F8A42 /* Build configuration list for PBXProject "Calculator" */;
			compatibilityVersion = "Xcode 3.2";
			developmentRegion = English;
			hasScannedForEncodings = 0;
			knownRegions = (
				en,
				Base,
			);
			mainGroup = 042244A41F14D87F000F8A42;
			productRefGroup = 042244AE1F14D87F000F8A42 /* Products */;
			projectDirPath = "";
			projectRoot = "";
			targets = (
				042244AC1F14D87F000F8A42 /* Calculator */,
				04DCA7181F160EC5008C62C6 /* CalculatorUITests */,
			);
		};
/* End PBXProject section */

/* Begin PBXResourcesBuildPhase section */
		042244AB1F14D87F000F8A42 /* Resources */ = {
			isa = PBXResourcesBuildPhase;
			buildActionMask = 2147483647;
			files = (
				042244BB1F14D87F000F8A42 /* LaunchScreen.storyboard in Resources */,
				042244B81F14D87F000F8A42 /* Assets.xcassets in Resources */,
				042244B61F14D87F000F8A42 /* Main.storyboard in Resources */,
			);
			runOnlyForDeploymentPostprocessing = 0;
		};
		04DCA7171F160EC5008C62C6 /* Resources */ = {
			isa = PBXResourcesBuildPhase;
			buildActionMask = 2147483647;
			files = (
			);
			runOnlyForDeploymentPostprocessing = 0;
		};
/* End PBXResourcesBuildPhase section */

/* Begin PBXSourcesBuildPhase section */
		042244A91F14D87F000F8A42 /* Sources */ = {
			isa = PBXSourcesBuildPhase;
			buildActionMask = 2147483647;
			files = (
				042244B31F14D87F000F8A42 /* ViewController.swift in Sources */,
				042244B11F14D87F000F8A42 /* AppDelegate.swift in Sources */,
			);
			runOnlyForDeploymentPostprocessing = 0;
		};
		04DCA7151F160EC5008C62C6 /* Sources */ = {
			isa = PBXSourcesBuildPhase;
			buildActionMask = 2147483647;
			files = (
				04DCA71C1F160EC5008C62C6 /* CalculatorUITests.swift in Sources */,
			);
			runOnlyForDeploymentPostprocessing = 0;
		};
/* End PBXSourcesBuildPhase section */

/* Begin PBXTargetDependency section */
		04DCA71F1F160EC5008C62C6 /* PBXTargetDependency */ = {
			isa = PBXTargetDependency;
			target = 042244AC1F14D87F000F8A42 /* Calculator */;
			targetProxy = 04DCA71E1F160EC5008C62C6 /* PBXContainerItemProxy */;
		};
/* End PBXTargetDependency section */

/* Begin PBXVariantGroup section */
		042244B41F14D87F000F8A42 /* Main.storyboard */ = {
			isa = PBXVariantGroup;
			children = (
				042244B51F14D87F000F8A42 /* Base */,
			);
			name = Main.storyboard;
			sourceTree = "<group>";
		};
		042244B91F14D87F000F8A42 /* LaunchScreen.storyboard */ = {
			isa = PBXVariantGroup;
			children = (
				042244BA1F14D87F000F8A42 /* Base */,
			);
			name = LaunchScreen.storyboard;
			sourceTree = "<group>";
		};
/* End PBXVariantGroup section */

/* Begin XCBuildConfiguration section */
		042244BD1F14D87F000F8A42 /* Debug */ = {
			isa = XCBuildConfiguration;
			buildSettings = {
				ALWAYS_SEARCH_USER_PATHS = NO;
				CLANG_ANALYZER_NONNULL = YES;
				CLANG_ANALYZER_NUMBER_OBJECT_CONVERSION = YES_AGGRESSIVE;
				CLANG_CXX_LANGUAGE_STANDARD = "gnu++0x";
				CLANG_CXX_LIBRARY = "libc++";
				CLANG_ENABLE_MODULES = YES;
				CLANG_ENABLE_OBJC_ARC = YES;
				CLANG_WARN_BOOL_CONVERSION = YES;
				CLANG_WARN_CONSTANT_CONVERSION = YES;
				CLANG_WARN_DIRECT_OBJC_ISA_USAGE = YES_ERROR;
				CLANG_WARN_DOCUMENTATION_COMMENTS = YES;
				CLANG_WARN_EMPTY_BODY = YES;
				CLANG_WARN_ENUM_CONVERSION = YES;
				CLANG_WARN_INFINITE_RECURSION = YES;
				CLANG_WARN_INT_CONVERSION = YES;
				CLANG_WARN_OBJC_ROOT_CLASS = YES_ERROR;
				CLANG_WARN_SUSPICIOUS_MOVE = YES;
				CLANG_WARN_UNREACHABLE_CODE = YES;
				CLANG_WARN__DUPLICATE_METHOD_MATCH = YES;
				"CODE_SIGN_IDENTITY[sdk=iphoneos*]" = "iPhone Developer";
				COPY_PHASE_STRIP = NO;
				DEBUG_INFORMATION_FORMAT = dwarf;
				ENABLE_STRICT_OBJC_MSGSEND = YES;
				ENABLE_TESTABILITY = YES;
				GCC_C_LANGUAGE_STANDARD = gnu99;
				GCC_DYNAMIC_NO_PIC = NO;
				GCC_NO_COMMON_BLOCKS = YES;
				GCC_OPTIMIZATION_LEVEL = 0;
				GCC_PREPROCESSOR_DEFINITIONS = (
					"DEBUG=1",
					"$(inherited)",
				);
				GCC_WARN_64_TO_32_BIT_CONVERSION = YES;
				GCC_WARN_ABOUT_RETURN_TYPE = YES_ERROR;
				GCC_WARN_UNDECLARED_SELECTOR = YES;
				GCC_WARN_UNINITIALIZED_AUTOS = YES_AGGRESSIVE;
				GCC_WARN_UNUSED_FUNCTION = YES;
				GCC_WARN_UNUSED_VARIABLE = YES;
				IPHONEOS_DEPLOYMENT_TARGET = 10.3;
				MTL_ENABLE_DEBUG_INFO = YES;
				ONLY_ACTIVE_ARCH = YES;
				SDKROOT = iphoneos;
				SWIFT_ACTIVE_COMPILATION_CONDITIONS = DEBUG;
				SWIFT_OPTIMIZATION_LEVEL = "-Onone";
				TARGETED_DEVICE_FAMILY = "1,2";
			};
			name = Debug;
		};
		042244BE1F14D87F000F8A42 /* Release */ = {
			isa = XCBuildConfiguration;
			buildSettings = {
				ALWAYS_SEARCH_USER_PATHS = NO;
				CLANG_ANALYZER_NONNULL = YES;
				CLANG_ANALYZER_NUMBER_OBJECT_CONVERSION = YES_AGGRESSIVE;
				CLANG_CXX_LANGUAGE_STANDARD = "gnu++0x";
				CLANG_CXX_LIBRARY = "libc++";
				CLANG_ENABLE_MODULES = YES;
				CLANG_ENABLE_OBJC_ARC = YES;
				CLANG_WARN_BOOL_CONVERSION = YES;
				CLANG_WARN_CONSTANT_CONVERSION = YES;
				CLANG_WARN_DIRECT_OBJC_ISA_USAGE = YES_ERROR;
				CLANG_WARN_DOCUMENTATION_COMMENTS = YES;
				CLANG_WARN_EMPTY_BODY = YES;
				CLANG_WARN_ENUM_CONVERSION = YES;
				CLANG_WARN_INFINITE_RECURSION = YES;
				CLANG_WARN_INT_CONVERSION = YES;
				CLANG_WARN_OBJC_ROOT_CLASS = YES_ERROR;
				CLANG_WARN_SUSPICIOUS_MOVE = YES;
				CLANG_WARN_UNREACHABLE_CODE = YES;
				CLANG_WARN__DUPLICATE_METHOD_MATCH = YES;
				"CODE_SIGN_IDENTITY[sdk=iphoneos*]" = "iPhone Developer";
				COPY_PHASE_STRIP = NO;
				DEBUG_INFORMATION_FORMAT = "dwarf-with-dsym";
				ENABLE_NS_ASSERTIONS = NO;
				ENABLE_STRICT_OBJC_MSGSEND = YES;
				GCC_C_LANGUAGE_STANDARD = gnu99;
				GCC_NO_COMMON_BLOCKS = YES;
				GCC_WARN_64_TO_32_BIT_CONVERSION = YES;
				GCC_WARN_ABOUT_RETURN_TYPE = YES_ERROR;
				GCC_WARN_UNDECLARED_SELECTOR = YES;
				GCC_WARN_UNINITIALIZED_AUTOS = YES_AGGRESSIVE;
				GCC_WARN_UNUSED_FUNCTION = YES;
				GCC_WARN_UNUSED_VARIABLE = YES;
				IPHONEOS_DEPLOYMENT_TARGET = 10.3;
				MTL_ENABLE_DEBUG_INFO = NO;
				SDKROOT = iphoneos;
				SWIFT_OPTIMIZATION_LEVEL = "-Owholemodule";
				TARGETED_DEVICE_FAMILY = "1,2";
				VALIDATE_PRODUCT = YES;
			};
			name = Release;
		};
		042244C01F14D87F000F8A42 /* Debug */ = {
			isa = XCBuildConfiguration;
			buildSettings = {
				ASSETCATALOG_COMPILER_APPICON_NAME = AppIcon;
				DEVELOPMENT_TEAM = NJRMGGTV4H;
				INFOPLIST_FILE = Calculator/Info.plist;
				LD_RUNPATH_SEARCH_PATHS = "$(inherited) @executable_path/Frameworks";
				PRODUCT_BUNDLE_IDENTIFIER = kr.or.connect.boostcamp.Calculator;
				PRODUCT_NAME = "$(TARGET_NAME)";
				SWIFT_VERSION = 3.0;
			};
			name = Debug;
		};
		042244C11F14D87F000F8A42 /* Release */ = {
			isa = XCBuildConfiguration;
			buildSettings = {
				ASSETCATALOG_COMPILER_APPICON_NAME = AppIcon;
				DEVELOPMENT_TEAM = NJRMGGTV4H;
				INFOPLIST_FILE = Calculator/Info.plist;
				LD_RUNPATH_SEARCH_PATHS = "$(inherited) @executable_path/Frameworks";
				PRODUCT_BUNDLE_IDENTIFIER = kr.or.connect.boostcamp.Calculator;
				PRODUCT_NAME = "$(TARGET_NAME)";
				SWIFT_VERSION = 3.0;
			};
			name = Release;
		};
		04DCA7201F160EC5008C62C6 /* Debug */ = {
			isa = XCBuildConfiguration;
			buildSettings = {
				DEVELOPMENT_TEAM = NJRMGGTV4H;
				INFOPLIST_FILE = CalculatorUITests/Info.plist;
				LD_RUNPATH_SEARCH_PATHS = "$(inherited) @executable_path/Frameworks @loader_path/Frameworks";
				PRODUCT_BUNDLE_IDENTIFIER = kr.or.connect.boostcamp.CalculatorUITests;
				PRODUCT_NAME = "$(TARGET_NAME)";
				SWIFT_VERSION = 3.0;
				TEST_TARGET_NAME = Calculator;
			};
			name = Debug;
		};
		04DCA7211F160EC5008C62C6 /* Release */ = {
			isa = XCBuildConfiguration;
			buildSettings = {
				DEVELOPMENT_TEAM = NJRMGGTV4H;
				INFOPLIST_FILE = CalculatorUITests/Info.plist;
				LD_RUNPATH_SEARCH_PATHS = "$(inherited) @executable_path/Frameworks @loader_path/Frameworks";
				PRODUCT_BUNDLE_IDENTIFIER = kr.or.connect.boostcamp.CalculatorUITests;
				PRODUCT_NAME = "$(TARGET_NAME)";
				SWIFT_VERSION = 3.0;
				TEST_TARGET_NAME = Calculator;
			};
			name = Release;
		};
/* End XCBuildConfiguration section */

/* Begin XCConfigurationList section */
		042244A81F14D87F000F8A42 /* Build configuration list for PBXProject "Calculator" */ = {
			isa = XCConfigurationList;
			buildConfigurations = (
				042244BD1F14D87F000F8A42 /* Debug */,
				042244BE1F14D87F000F8A42 /* Release */,
			);
			defaultConfigurationIsVisible = 0;
			defaultConfigurationName = Release;
		};
		042244BF1F14D87F000F8A42 /* Build configuration list for PBXNativeTarget "Calculator" */ = {
			isa = XCConfigurationList;
			buildConfigurations = (
				042244C01F14D87F000F8A42 /* Debug */,
				042244C11F14D87F000F8A42 /* Release */,
			);
			defaultConfigurationIsVisible = 0;
			defaultConfigurationName = Release;
		};
		04DCA7221F160EC5008C62C6 /* Build configuration list for PBXNativeTarget "CalculatorUITests" */ = {
			isa = XCConfigurationList;
			buildConfigurations = (
				04DCA7201F160EC5008C62C6 /* Debug */,
				04DCA7211F160EC5008C62C6 /* Release */,
			);
			defaultConfigurationIsVisible = 0;
		};
/* End XCConfigurationList section */
	};
	rootObject = 042244A51F14D87F000F8A42 /* Project object */;
}
